
Microsoft Visual Studio Solution File, Format Version 12.00
# Visual Studio 15
VisualStudioVersion = 15.0.26430.6
MinimumVisualStudioVersion = 10.0.40219.1
Project("{2150E333-8FDC-42A3-9474-1A3956D46DE8}") = "Solution Items", "Solution Items", "{1011952F-71B9-464C-A865-F68301EFCFC6}"
	ProjectSection(SolutionItems) = preProject
		.editorconfig = .editorconfig
		.gitattributes = .gitattributes
		.gitignore = .gitignore
	EndProjectSection
EndProject
Project("{2150E333-8FDC-42A3-9474-1A3956D46DE8}") = "Diagrams", "Diagrams", "{FAC0B86E-EFF6-48B9-8A29-A9735D05EFC5}"
	ProjectSection(SolutionItems) = preProject
		Diagrams\Global.pdf = Diagrams\Global.pdf
		Diagrams\Global.vsdx = Diagrams\Global.vsdx
	EndProjectSection
EndProject
Project("{FAE04EC0-301F-11D3-BF4B-00C04F79EFBC}") = "Kelvin.Infrastructure", "Kelvin.Infrastructure\Kelvin.Infrastructure.csproj", "{DAA438D5-8B7F-4AA5-A1BC-11245F9C0E01}"
EndProject
Project("{FAE04EC0-301F-11D3-BF4B-00C04F79EFBC}") = "Kelvin.HardwareController", "Kelvin.HardwareController\Kelvin.HardwareController.csproj", "{BABA0ABA-2897-4799-A153-C39E09D8EDD1}"
EndProject
Global
	GlobalSection(SolutionConfigurationPlatforms) = preSolution
		Debug|Any CPU = Debug|Any CPU
		Release|Any CPU = Release|Any CPU
	EndGlobalSection
	GlobalSection(ProjectConfigurationPlatforms) = postSolution
		{DAA438D5-8B7F-4AA5-A1BC-11245F9C0E01}.Debug|Any CPU.ActiveCfg = Debug|Any CPU
		{DAA438D5-8B7F-4AA5-A1BC-11245F9C0E01}.Debug|Any CPU.Build.0 = Debug|Any CPU
		{DAA438D5-8B7F-4AA5-A1BC-11245F9C0E01}.Release|Any CPU.ActiveCfg = Release|Any CPU
		{DAA438D5-8B7F-4AA5-A1BC-11245F9C0E01}.Release|Any CPU.Build.0 = Release|Any CPU
		{BABA0ABA-2897-4799-A153-C39E09D8EDD1}.Debug|Any CPU.ActiveCfg = Debug|Any CPU
		{BABA0ABA-2897-4799-A153-C39E09D8EDD1}.Debug|Any CPU.Build.0 = Debug|Any CPU
		{BABA0ABA-2897-4799-A153-C39E09D8EDD1}.Release|Any CPU.ActiveCfg = Release|Any CPU
		{BABA0ABA-2897-4799-A153-C39E09D8EDD1}.Release|Any CPU.Build.0 = Release|Any CPU
	EndGlobalSection
	GlobalSection(SolutionProperties) = preSolution
		HideSolutionNode = FALSE
	EndGlobalSection
	GlobalSection(NestedProjects) = preSolution
		{FAC0B86E-EFF6-48B9-8A29-A9735D05EFC5} = {1011952F-71B9-464C-A865-F68301EFCFC6}
	EndGlobalSection
EndGlobal
